
Microsoft Visual Studio Solution File, Format Version 12.00
# Visual Studio 15
Project("{FAE04EC0-301F-11D3-BF4B-00C04F79EFBC}") = "demo1", "demo1.csproj", "{3FC04B3A-AC45-4E2A-98F0-38E5F90F728A}"
EndProject
Global
	GlobalSection(SolutionConfigurationPlatforms) = preSolution
		Debug|Any CPU = Debug|Any CPU
		Release|Any CPU = Release|Any CPU
	EndGlobalSection
	GlobalSection(ProjectConfigurationPlatforms) = postSolution
		{3FC04B3A-AC45-4E2A-98F0-38E5F90F728A}.Debug|Any CPU.ActiveCfg = Debug|Any CPU
		{3FC04B3A-AC45-4E2A-98F0-38E5F90F728A}.Debug|Any CPU.Build.0 = Debug|Any CPU
		{3FC04B3A-AC45-4E2A-98F0-38E5F90F728A}.Release|Any CPU.ActiveCfg = Release|Any CPU
		{3FC04B3A-AC45-4E2A-98F0-38E5F90F728A}.Release|Any CPU.Build.0 = Release|Any CPU
	EndGlobalSection
EndGlobal
